
Microsoft Visual Studio Solution File, Format Version 12.00
# Visual Studio Version 17
VisualStudioVersion = 17.5.33530.505
MinimumVisualStudioVersion = 10.0.40219.1
Project("{9A19103F-16F7-4668-BE54-9A1E7A4F7556}") = "Changify", "Changify\Changify.csproj", "{B9518704-93E9-4810-864B-E4BFA133B334}"
EndProject
Project("{9A19103F-16F7-4668-BE54-9A1E7A4F7556}") = "Changify.Configuration", "Changify.Configuration\Changify.Configuration.csproj", "{4F4C1AFF-F340-4ADA-9CDD-04D13DC27442}"
EndProject
Project("{2150E333-8FDC-42A3-9474-1A3956D46DE8}") = "Solution Items", "Solution Items", "{94C95913-EDD5-4E73-B098-CC59D101936C}"
	ProjectSection(SolutionItems) = preProject
		..\.gitignore = ..\.gitignore
		..\appveyor.yml = ..\appveyor.yml
		..\azure-pipelines.yml = ..\azure-pipelines.yml
		Directory.Build.props = Directory.Build.props
		..\.github\workflows\dotnet.yml = ..\.github\workflows\dotnet.yml
		global.json = global.json
		..\README.md = ..\README.md
	EndProjectSection
EndProject
Project("{9A19103F-16F7-4668-BE54-9A1E7A4F7556}") = "Changify.Tests", "Changify.Tests\Changify.Tests.csproj", "{E21993C5-9AF3-4E52-9D02-CD36DE4F39E1}"
EndProject
Project("{9A19103F-16F7-4668-BE54-9A1E7A4F7556}") = "Changify.Options", "Changify.Options\Changify.Options.csproj", "{C4EF12D5-90C8-486D-9CE2-C5C8E2955DAC}"
EndProject
Global
	GlobalSection(SolutionConfigurationPlatforms) = preSolution
		Debug|Any CPU = Debug|Any CPU
		Release|Any CPU = Release|Any CPU
	EndGlobalSection
	GlobalSection(ProjectConfigurationPlatforms) = postSolution
		{B9518704-93E9-4810-864B-E4BFA133B334}.Debug|Any CPU.ActiveCfg = Debug|Any CPU
		{B9518704-93E9-4810-864B-E4BFA133B334}.Debug|Any CPU.Build.0 = Debug|Any CPU
		{B9518704-93E9-4810-864B-E4BFA133B334}.Release|Any CPU.ActiveCfg = Release|Any CPU
		{B9518704-93E9-4810-864B-E4BFA133B334}.Release|Any CPU.Build.0 = Release|Any CPU
		{4F4C1AFF-F340-4ADA-9CDD-04D13DC27442}.Debug|Any CPU.ActiveCfg = Debug|Any CPU
		{4F4C1AFF-F340-4ADA-9CDD-04D13DC27442}.Debug|Any CPU.Build.0 = Debug|Any CPU
		{4F4C1AFF-F340-4ADA-9CDD-04D13DC27442}.Release|Any CPU.ActiveCfg = Release|Any CPU
		{4F4C1AFF-F340-4ADA-9CDD-04D13DC27442}.Release|Any CPU.Build.0 = Release|Any CPU
		{E21993C5-9AF3-4E52-9D02-CD36DE4F39E1}.Debug|Any CPU.ActiveCfg = Debug|Any CPU
		{E21993C5-9AF3-4E52-9D02-CD36DE4F39E1}.Debug|Any CPU.Build.0 = Debug|Any CPU
		{E21993C5-9AF3-4E52-9D02-CD36DE4F39E1}.Release|Any CPU.ActiveCfg = Release|Any CPU
		{E21993C5-9AF3-4E52-9D02-CD36DE4F39E1}.Release|Any CPU.Build.0 = Release|Any CPU
		{C4EF12D5-90C8-486D-9CE2-C5C8E2955DAC}.Debug|Any CPU.ActiveCfg = Debug|Any CPU
		{C4EF12D5-90C8-486D-9CE2-C5C8E2955DAC}.Debug|Any CPU.Build.0 = Debug|Any CPU
		{C4EF12D5-90C8-486D-9CE2-C5C8E2955DAC}.Release|Any CPU.ActiveCfg = Release|Any CPU
		{C4EF12D5-90C8-486D-9CE2-C5C8E2955DAC}.Release|Any CPU.Build.0 = Release|Any CPU
	EndGlobalSection
	GlobalSection(SolutionProperties) = preSolution
		HideSolutionNode = FALSE
	EndGlobalSection
	GlobalSection(ExtensibilityGlobals) = postSolution
		SolutionGuid = {529D4E12-0B54-4D5C-AC12-8E7D9663868B}
	EndGlobalSection
EndGlobal
